// !$*UTF8*$!
{
	archiveVersion = 1;
	classes = {
	};
	objectVersion = 46;
	objects = {

/* Begin PBXBuildFile section */
		3401962F1DFD13B800CD5850 /* libxml2.2.tbd in Frameworks */ = {isa = PBXBuildFile; fileRef = 3401962E1DFD13B800CD5850 /* libxml2.2.tbd */; };
		340196371DFD1C3C00CD5850 /* TFHpple.m in Sources */ = {isa = PBXBuildFile; fileRef = 340196321DFD1C3C00CD5850 /* TFHpple.m */; };
		340196381DFD1C3C00CD5850 /* TFHppleElement.m in Sources */ = {isa = PBXBuildFile; fileRef = 340196341DFD1C3C00CD5850 /* TFHppleElement.m */; };
		340196391DFD1C3C00CD5850 /* XPathQuery.m in Sources */ = {isa = PBXBuildFile; fileRef = 340196361DFD1C3C00CD5850 /* XPathQuery.m */; };
		3401963F1DFD1C7C00CD5850 /* TabbarController.m in Sources */ = {isa = PBXBuildFile; fileRef = 3401963C1DFD1C7C00CD5850 /* TabbarController.m */; };
		340196401DFD1C7C00CD5850 /* wkNavigationController.m in Sources */ = {isa = PBXBuildFile; fileRef = 3401963E1DFD1C7C00CD5850 /* wkNavigationController.m */; };
		340196501DFDA0CA00CD5850 /* WebViewController.m in Sources */ = {isa = PBXBuildFile; fileRef = 3401964F1DFDA0CA00CD5850 /* WebViewController.m */; };
		346331CB1DE59A1700B951F8 /* main.m in Sources */ = {isa = PBXBuildFile; fileRef = 346331CA1DE59A1700B951F8 /* main.m */; };
		346331CE1DE59A1700B951F8 /* AppDelegate.m in Sources */ = {isa = PBXBuildFile; fileRef = 346331CD1DE59A1700B951F8 /* AppDelegate.m */; };
		346331D41DE59A1700B951F8 /* Main.storyboard in Resources */ = {isa = PBXBuildFile; fileRef = 346331D21DE59A1700B951F8 /* Main.storyboard */; };
		346331D61DE59A1700B951F8 /* Assets.xcassets in Resources */ = {isa = PBXBuildFile; fileRef = 346331D51DE59A1700B951F8 /* Assets.xcassets */; };
		346331D91DE59A1700B951F8 /* LaunchScreen.storyboard in Resources */ = {isa = PBXBuildFile; fileRef = 346331D71DE59A1700B951F8 /* LaunchScreen.storyboard */; };
		346331E51DE59AF400B951F8 /* HomeViewController.m in Sources */ = {isa = PBXBuildFile; fileRef = 346331E41DE59AF400B951F8 /* HomeViewController.m */; };
		346331EE1DE5B4B700B951F8 /* WebKit.framework in Frameworks */ = {isa = PBXBuildFile; fileRef = 346331ED1DE5B4B700B951F8 /* WebKit.framework */; };
		346331F01DE6829600B951F8 /* Study.html in Resources */ = {isa = PBXBuildFile; fileRef = 346331EF1DE6829600B951F8 /* Study.html */; };
		346331F31DE6867300B951F8 /* JSOCHandler.m in Sources */ = {isa = PBXBuildFile; fileRef = 346331F21DE6867300B951F8 /* JSOCHandler.m */; };
		348D53EA1E2756470005E96A /* UserViewController.m in Sources */ = {isa = PBXBuildFile; fileRef = 348D53E91E2756470005E96A /* UserViewController.m */; };
		348D53F01E275E720005E96A /* JLBothSidesBtn.m in Sources */ = {isa = PBXBuildFile; fileRef = 348D53EF1E275E720005E96A /* JLBothSidesBtn.m */; };
		349A625D1E11219B0060D69E /* JLTableView.m in Sources */ = {isa = PBXBuildFile; fileRef = 349A625C1E11219B0060D69E /* JLTableView.m */; };
		34B940A01E4C36DA001805F3 /* Soccer.db in Resources */ = {isa = PBXBuildFile; fileRef = 34B9409F1E4C36DA001805F3 /* Soccer.db */; };
		34B940A31E4C36E3001805F3 /* GameObject.m in Sources */ = {isa = PBXBuildFile; fileRef = 34B940A21E4C36E3001805F3 /* GameObject.m */; };
		34B940AC1E4C36EC001805F3 /* DataBaseCell.m in Sources */ = {isa = PBXBuildFile; fileRef = 34B940A51E4C36EC001805F3 /* DataBaseCell.m */; };
		34B940AD1E4C36EC001805F3 /* DataBaseCell.xib in Resources */ = {isa = PBXBuildFile; fileRef = 34B940A61E4C36EC001805F3 /* DataBaseCell.xib */; };
		34B940AE1E4C36EC001805F3 /* GameParseViewCell.m in Sources */ = {isa = PBXBuildFile; fileRef = 34B940A81E4C36EC001805F3 /* GameParseViewCell.m */; };
		34B940AF1E4C36EC001805F3 /* GameParseViewCell.xib in Resources */ = {isa = PBXBuildFile; fileRef = 34B940A91E4C36EC001805F3 /* GameParseViewCell.xib */; };
		34B940B01E4C36EC001805F3 /* GameParseViewController.m in Sources */ = {isa = PBXBuildFile; fileRef = 34B940AB1E4C36EC001805F3 /* GameParseViewController.m */; };
		34B940B31E4C3987001805F3 /* DBManager.m in Sources */ = {isa = PBXBuildFile; fileRef = 34B940B21E4C3987001805F3 /* DBManager.m */; };
		34D204A01E25144C0044F2DC /* FMDatabase.m in Sources */ = {isa = PBXBuildFile; fileRef = 34D204971E25144C0044F2DC /* FMDatabase.m */; };
		34D204A11E25144C0044F2DC /* FMDatabaseAdditions.m in Sources */ = {isa = PBXBuildFile; fileRef = 34D204991E25144C0044F2DC /* FMDatabaseAdditions.m */; };
		34D204A21E25144C0044F2DC /* FMDatabasePool.m in Sources */ = {isa = PBXBuildFile; fileRef = 34D2049B1E25144C0044F2DC /* FMDatabasePool.m */; };
		34D204A31E25144C0044F2DC /* FMDatabaseQueue.m in Sources */ = {isa = PBXBuildFile; fileRef = 34D2049D1E25144C0044F2DC /* FMDatabaseQueue.m */; };
		34D204A41E25144C0044F2DC /* FMResultSet.m in Sources */ = {isa = PBXBuildFile; fileRef = 34D2049F1E25144C0044F2DC /* FMResultSet.m */; };
		34D204A71E2519DA0044F2DC /* libsqlite3.tbd in Frameworks */ = {isa = PBXBuildFile; fileRef = 34D204A61E2519DA0044F2DC /* libsqlite3.tbd */; };
		34F4DC501E0CD0E7000158BC /* statusBarViewController.m in Sources */ = {isa = PBXBuildFile; fileRef = 34F4DC4F1E0CD0E7000158BC /* statusBarViewController.m */; };
/* End PBXBuildFile section */

/* Begin PBXFileReference section */
		3401962E1DFD13B800CD5850 /* libxml2.2.tbd */ = {isa = PBXFileReference; lastKnownFileType = "sourcecode.text-based-dylib-definition"; name = libxml2.2.tbd; path = usr/lib/libxml2.2.tbd; sourceTree = SDKROOT; };
		340196311DFD1C3C00CD5850 /* TFHpple.h */ = {isa = PBXFileReference; fileEncoding = 4; lastKnownFileType = sourcecode.c.h; path = TFHpple.h; sourceTree = "<group>"; };
		340196321DFD1C3C00CD5850 /* TFHpple.m */ = {isa = PBXFileReference; fileEncoding = 4; lastKnownFileType = sourcecode.c.objc; path = TFHpple.m; sourceTree = "<group>"; };
		340196331DFD1C3C00CD5850 /* TFHppleElement.h */ = {isa = PBXFileReference; fileEncoding = 4; lastKnownFileType = sourcecode.c.h; path = TFHppleElement.h; sourceTree = "<group>"; };
		340196341DFD1C3C00CD5850 /* TFHppleElement.m */ = {isa = PBXFileReference; fileEncoding = 4; lastKnownFileType = sourcecode.c.objc; path = TFHppleElement.m; sourceTree = "<group>"; };
		340196351DFD1C3C00CD5850 /* XPathQuery.h */ = {isa = PBXFileReference; fileEncoding = 4; lastKnownFileType = sourcecode.c.h; path = XPathQuery.h; sourceTree = "<group>"; };
		340196361DFD1C3C00CD5850 /* XPathQuery.m */ = {isa = PBXFileReference; fileEncoding = 4; lastKnownFileType = sourcecode.c.objc; path = XPathQuery.m; sourceTree = "<group>"; };
		3401963B1DFD1C7C00CD5850 /* TabbarController.h */ = {isa = PBXFileReference; fileEncoding = 4; lastKnownFileType = sourcecode.c.h; path = TabbarController.h; sourceTree = "<group>"; };
		3401963C1DFD1C7C00CD5850 /* TabbarController.m */ = {isa = PBXFileReference; fileEncoding = 4; lastKnownFileType = sourcecode.c.objc; path = TabbarController.m; sourceTree = "<group>"; };
		3401963D1DFD1C7C00CD5850 /* wkNavigationController.h */ = {isa = PBXFileReference; fileEncoding = 4; lastKnownFileType = sourcecode.c.h; path = wkNavigationController.h; sourceTree = "<group>"; };
		3401963E1DFD1C7C00CD5850 /* wkNavigationController.m */ = {isa = PBXFileReference; fileEncoding = 4; lastKnownFileType = sourcecode.c.objc; path = wkNavigationController.m; sourceTree = "<group>"; };
		3401964E1DFDA0CA00CD5850 /* WebViewController.h */ = {isa = PBXFileReference; fileEncoding = 4; lastKnownFileType = sourcecode.c.h; path = WebViewController.h; sourceTree = "<group>"; };
		3401964F1DFDA0CA00CD5850 /* WebViewController.m */ = {isa = PBXFileReference; fileEncoding = 4; lastKnownFileType = sourcecode.c.objc; path = WebViewController.m; sourceTree = "<group>"; };
		346331C61DE59A1700B951F8 /* wkwebviewDemo.app */ = {isa = PBXFileReference; explicitFileType = wrapper.application; includeInIndex = 0; path = wkwebviewDemo.app; sourceTree = BUILT_PRODUCTS_DIR; };
		346331CA1DE59A1700B951F8 /* main.m */ = {isa = PBXFileReference; lastKnownFileType = sourcecode.c.objc; path = main.m; sourceTree = "<group>"; };
		346331CC1DE59A1700B951F8 /* AppDelegate.h */ = {isa = PBXFileReference; lastKnownFileType = sourcecode.c.h; path = AppDelegate.h; sourceTree = "<group>"; };
		346331CD1DE59A1700B951F8 /* AppDelegate.m */ = {isa = PBXFileReference; lastKnownFileType = sourcecode.c.objc; path = AppDelegate.m; sourceTree = "<group>"; };
		346331D31DE59A1700B951F8 /* Base */ = {isa = PBXFileReference; lastKnownFileType = file.storyboard; name = Base; path = Base.lproj/Main.storyboard; sourceTree = "<group>"; };
		346331D51DE59A1700B951F8 /* Assets.xcassets */ = {isa = PBXFileReference; lastKnownFileType = folder.assetcatalog; path = Assets.xcassets; sourceTree = "<group>"; };
		346331D81DE59A1700B951F8 /* Base */ = {isa = PBXFileReference; lastKnownFileType = file.storyboard; name = Base; path = Base.lproj/LaunchScreen.storyboard; sourceTree = "<group>"; };
		346331DA1DE59A1700B951F8 /* Info.plist */ = {isa = PBXFileReference; lastKnownFileType = text.plist.xml; path = Info.plist; sourceTree = "<group>"; };
		346331E31DE59AF400B951F8 /* HomeViewController.h */ = {isa = PBXFileReference; fileEncoding = 4; lastKnownFileType = sourcecode.c.h; path = HomeViewController.h; sourceTree = "<group>"; };
		346331E41DE59AF400B951F8 /* HomeViewController.m */ = {isa = PBXFileReference; fileEncoding = 4; lastKnownFileType = sourcecode.c.objc; path = HomeViewController.m; sourceTree = "<group>"; };
		346331ED1DE5B4B700B951F8 /* WebKit.framework */ = {isa = PBXFileReference; lastKnownFileType = wrapper.framework; name = WebKit.framework; path = System/Library/Frameworks/WebKit.framework; sourceTree = SDKROOT; };
		346331EF1DE6829600B951F8 /* Study.html */ = {isa = PBXFileReference; fileEncoding = 4; lastKnownFileType = text.html; path = Study.html; sourceTree = "<group>"; };
		346331F11DE6867300B951F8 /* JSOCHandler.h */ = {isa = PBXFileReference; fileEncoding = 4; lastKnownFileType = sourcecode.c.h; path = JSOCHandler.h; sourceTree = "<group>"; };
		346331F21DE6867300B951F8 /* JSOCHandler.m */ = {isa = PBXFileReference; fileEncoding = 4; lastKnownFileType = sourcecode.c.objc; path = JSOCHandler.m; sourceTree = "<group>"; };
		348D53E81E2756470005E96A /* UserViewController.h */ = {isa = PBXFileReference; fileEncoding = 4; lastKnownFileType = sourcecode.c.h; path = UserViewController.h; sourceTree = "<group>"; };
		348D53E91E2756470005E96A /* UserViewController.m */ = {isa = PBXFileReference; fileEncoding = 4; lastKnownFileType = sourcecode.c.objc; path = UserViewController.m; sourceTree = "<group>"; };
		348D53EE1E275E720005E96A /* JLBothSidesBtn.h */ = {isa = PBXFileReference; fileEncoding = 4; lastKnownFileType = sourcecode.c.h; path = JLBothSidesBtn.h; sourceTree = "<group>"; };
		348D53EF1E275E720005E96A /* JLBothSidesBtn.m */ = {isa = PBXFileReference; fileEncoding = 4; lastKnownFileType = sourcecode.c.objc; path = JLBothSidesBtn.m; sourceTree = "<group>"; };
		349A625B1E11219B0060D69E /* JLTableView.h */ = {isa = PBXFileReference; fileEncoding = 4; lastKnownFileType = sourcecode.c.h; path = JLTableView.h; sourceTree = "<group>"; };
		349A625C1E11219B0060D69E /* JLTableView.m */ = {isa = PBXFileReference; fileEncoding = 4; lastKnownFileType = sourcecode.c.objc; path = JLTableView.m; sourceTree = "<group>"; };
		34B9409F1E4C36DA001805F3 /* Soccer.db */ = {isa = PBXFileReference; lastKnownFileType = file; path = Soccer.db; sourceTree = "<group>"; };
		34B940A11E4C36E3001805F3 /* GameObject.h */ = {isa = PBXFileReference; fileEncoding = 4; lastKnownFileType = sourcecode.c.h; path = GameObject.h; sourceTree = "<group>"; };
		34B940A21E4C36E3001805F3 /* GameObject.m */ = {isa = PBXFileReference; fileEncoding = 4; lastKnownFileType = sourcecode.c.objc; path = GameObject.m; sourceTree = "<group>"; };
		34B940A41E4C36EC001805F3 /* DataBaseCell.h */ = {isa = PBXFileReference; fileEncoding = 4; lastKnownFileType = sourcecode.c.h; path = DataBaseCell.h; sourceTree = "<group>"; };
		34B940A51E4C36EC001805F3 /* DataBaseCell.m */ = {isa = PBXFileReference; fileEncoding = 4; lastKnownFileType = sourcecode.c.objc; path = DataBaseCell.m; sourceTree = "<group>"; };
		34B940A61E4C36EC001805F3 /* DataBaseCell.xib */ = {isa = PBXFileReference; fileEncoding = 4; lastKnownFileType = file.xib; path = DataBaseCell.xib; sourceTree = "<group>"; };
		34B940A71E4C36EC001805F3 /* GameParseViewCell.h */ = {isa = PBXFileReference; fileEncoding = 4; lastKnownFileType = sourcecode.c.h; path = GameParseViewCell.h; sourceTree = "<group>"; };
		34B940A81E4C36EC001805F3 /* GameParseViewCell.m */ = {isa = PBXFileReference; fileEncoding = 4; lastKnownFileType = sourcecode.c.objc; path = GameParseViewCell.m; sourceTree = "<group>"; };
		34B940A91E4C36EC001805F3 /* GameParseViewCell.xib */ = {isa = PBXFileReference; fileEncoding = 4; lastKnownFileType = file.xib; path = GameParseViewCell.xib; sourceTree = "<group>"; };
		34B940AA1E4C36EC001805F3 /* GameParseViewController.h */ = {isa = PBXFileReference; fileEncoding = 4; lastKnownFileType = sourcecode.c.h; path = GameParseViewController.h; sourceTree = "<group>"; };
		34B940AB1E4C36EC001805F3 /* GameParseViewController.m */ = {isa = PBXFileReference; fileEncoding = 4; lastKnownFileType = sourcecode.c.objc; path = GameParseViewController.m; sourceTree = "<group>"; };
		34B940B11E4C3987001805F3 /* DBManager.h */ = {isa = PBXFileReference; fileEncoding = 4; lastKnownFileType = sourcecode.c.h; path = DBManager.h; sourceTree = "<group>"; };
		34B940B21E4C3987001805F3 /* DBManager.m */ = {isa = PBXFileReference; fileEncoding = 4; lastKnownFileType = sourcecode.c.objc; path = DBManager.m; sourceTree = "<group>"; };
		34D204961E25144C0044F2DC /* FMDatabase.h */ = {isa = PBXFileReference; fileEncoding = 4; lastKnownFileType = sourcecode.c.h; path = FMDatabase.h; sourceTree = "<group>"; };
		34D204971E25144C0044F2DC /* FMDatabase.m */ = {isa = PBXFileReference; fileEncoding = 4; lastKnownFileType = sourcecode.c.objc; path = FMDatabase.m; sourceTree = "<group>"; };
		34D204981E25144C0044F2DC /* FMDatabaseAdditions.h */ = {isa = PBXFileReference; fileEncoding = 4; lastKnownFileType = sourcecode.c.h; path = FMDatabaseAdditions.h; sourceTree = "<group>"; };
		34D204991E25144C0044F2DC /* FMDatabaseAdditions.m */ = {isa = PBXFileReference; fileEncoding = 4; lastKnownFileType = sourcecode.c.objc; path = FMDatabaseAdditions.m; sourceTree = "<group>"; };
		34D2049A1E25144C0044F2DC /* FMDatabasePool.h */ = {isa = PBXFileReference; fileEncoding = 4; lastKnownFileType = sourcecode.c.h; path = FMDatabasePool.h; sourceTree = "<group>"; };
		34D2049B1E25144C0044F2DC /* FMDatabasePool.m */ = {isa = PBXFileReference; fileEncoding = 4; lastKnownFileType = sourcecode.c.objc; path = FMDatabasePool.m; sourceTree = "<group>"; };
		34D2049C1E25144C0044F2DC /* FMDatabaseQueue.h */ = {isa = PBXFileReference; fileEncoding = 4; lastKnownFileType = sourcecode.c.h; path = FMDatabaseQueue.h; sourceTree = "<group>"; };
		34D2049D1E25144C0044F2DC /* FMDatabaseQueue.m */ = {isa = PBXFileReference; fileEncoding = 4; lastKnownFileType = sourcecode.c.objc; path = FMDatabaseQueue.m; sourceTree = "<group>"; };
		34D2049E1E25144C0044F2DC /* FMResultSet.h */ = {isa = PBXFileReference; fileEncoding = 4; lastKnownFileType = sourcecode.c.h; path = FMResultSet.h; sourceTree = "<group>"; };
		34D2049F1E25144C0044F2DC /* FMResultSet.m */ = {isa = PBXFileReference; fileEncoding = 4; lastKnownFileType = sourcecode.c.objc; path = FMResultSet.m; sourceTree = "<group>"; };
		34D204A61E2519DA0044F2DC /* libsqlite3.tbd */ = {isa = PBXFileReference; lastKnownFileType = "sourcecode.text-based-dylib-definition"; name = libsqlite3.tbd; path = usr/lib/libsqlite3.tbd; sourceTree = SDKROOT; };
		34F4DC4E1E0CD0E7000158BC /* statusBarViewController.h */ = {isa = PBXFileReference; fileEncoding = 4; lastKnownFileType = sourcecode.c.h; path = statusBarViewController.h; sourceTree = "<group>"; };
		34F4DC4F1E0CD0E7000158BC /* statusBarViewController.m */ = {isa = PBXFileReference; fileEncoding = 4; lastKnownFileType = sourcecode.c.objc; path = statusBarViewController.m; sourceTree = "<group>"; };
/* End PBXFileReference section */

/* Begin PBXFrameworksBuildPhase section */
		346331C31DE59A1700B951F8 /* Frameworks */ = {
			isa = PBXFrameworksBuildPhase;
			buildActionMask = 2147483647;
			files = (
				34D204A71E2519DA0044F2DC /* libsqlite3.tbd in Frameworks */,
				3401962F1DFD13B800CD5850 /* libxml2.2.tbd in Frameworks */,
				346331EE1DE5B4B700B951F8 /* WebKit.framework in Frameworks */,
			);
			runOnlyForDeploymentPostprocessing = 0;
		};
/* End PBXFrameworksBuildPhase section */

/* Begin PBXGroup section */
		340196301DFD1C3C00CD5850 /* XHTMLParse */ = {
			isa = PBXGroup;
			children = (
				340196311DFD1C3C00CD5850 /* TFHpple.h */,
				340196321DFD1C3C00CD5850 /* TFHpple.m */,
				340196331DFD1C3C00CD5850 /* TFHppleElement.h */,
				340196341DFD1C3C00CD5850 /* TFHppleElement.m */,
				340196351DFD1C3C00CD5850 /* XPathQuery.h */,
				340196361DFD1C3C00CD5850 /* XPathQuery.m */,
			);
			path = XHTMLParse;
			sourceTree = "<group>";
		};
		3401963A1DFD1C7C00CD5850 /* Base */ = {
			isa = PBXGroup;
			children = (
				3401963B1DFD1C7C00CD5850 /* TabbarController.h */,
				3401963C1DFD1C7C00CD5850 /* TabbarController.m */,
				3401963D1DFD1C7C00CD5850 /* wkNavigationController.h */,
				3401963E1DFD1C7C00CD5850 /* wkNavigationController.m */,
				349A625B1E11219B0060D69E /* JLTableView.h */,
				349A625C1E11219B0060D69E /* JLTableView.m */,
				348D53EE1E275E720005E96A /* JLBothSidesBtn.h */,
				348D53EF1E275E720005E96A /* JLBothSidesBtn.m */,
			);
			path = Base;
			sourceTree = "<group>";
		};
		346331BD1DE59A1700B951F8 = {
			isa = PBXGroup;
			children = (
				34D204951E25144C0044F2DC /* FMDB */,
				346331C81DE59A1700B951F8 /* wkwebviewDemo */,
				346331C71DE59A1700B951F8 /* Products */,
				346331EC1DE5B4B700B951F8 /* Frameworks */,
			);
			sourceTree = "<group>";
		};
		346331C71DE59A1700B951F8 /* Products */ = {
			isa = PBXGroup;
			children = (
				346331C61DE59A1700B951F8 /* wkwebviewDemo.app */,
			);
			name = Products;
			sourceTree = "<group>";
		};
		346331C81DE59A1700B951F8 /* wkwebviewDemo */ = {
			isa = PBXGroup;
			children = (
				34B9409C1E4C3660001805F3 /* Soccer */,
				3401963A1DFD1C7C00CD5850 /* Base */,
				340196301DFD1C3C00CD5850 /* XHTMLParse */,
				346331EF1DE6829600B951F8 /* Study.html */,
				346331CC1DE59A1700B951F8 /* AppDelegate.h */,
				346331CD1DE59A1700B951F8 /* AppDelegate.m */,
				346331E31DE59AF400B951F8 /* HomeViewController.h */,
				346331E41DE59AF400B951F8 /* HomeViewController.m */,
				346331F11DE6867300B951F8 /* JSOCHandler.h */,
				346331F21DE6867300B951F8 /* JSOCHandler.m */,
				3401964E1DFDA0CA00CD5850 /* WebViewController.h */,
				3401964F1DFDA0CA00CD5850 /* WebViewController.m */,
				348D53E81E2756470005E96A /* UserViewController.h */,
				348D53E91E2756470005E96A /* UserViewController.m */,
				34F4DC4E1E0CD0E7000158BC /* statusBarViewController.h */,
				34F4DC4F1E0CD0E7000158BC /* statusBarViewController.m */,
				346331D21DE59A1700B951F8 /* Main.storyboard */,
				346331D51DE59A1700B951F8 /* Assets.xcassets */,
				346331D71DE59A1700B951F8 /* LaunchScreen.storyboard */,
				346331DA1DE59A1700B951F8 /* Info.plist */,
				346331C91DE59A1700B951F8 /* Supporting Files */,
			);
			path = wkwebviewDemo;
			sourceTree = "<group>";
		};
		346331C91DE59A1700B951F8 /* Supporting Files */ = {
			isa = PBXGroup;
			children = (
				346331CA1DE59A1700B951F8 /* main.m */,
			);
			name = "Supporting Files";
			sourceTree = "<group>";
		};
		346331EC1DE5B4B700B951F8 /* Frameworks */ = {
			isa = PBXGroup;
			children = (
				34D204A61E2519DA0044F2DC /* libsqlite3.tbd */,
				3401962E1DFD13B800CD5850 /* libxml2.2.tbd */,
				346331ED1DE5B4B700B951F8 /* WebKit.framework */,
			);
			name = Frameworks;
			sourceTree = "<group>";
		};
		34B9409C1E4C3660001805F3 /* Soccer */ = {
			isa = PBXGroup;
			children = (
				34B940B11E4C3987001805F3 /* DBManager.h */,
				34B940B21E4C3987001805F3 /* DBManager.m */,
				34B9409F1E4C36DA001805F3 /* Soccer.db */,
				34B9409D1E4C3660001805F3 /* Model */,
				34B9409E1E4C3660001805F3 /* ViewController */,
			);
			path = Soccer;
			sourceTree = "<group>";
		};
		34B9409D1E4C3660001805F3 /* Model */ = {
			isa = PBXGroup;
			children = (
				34B940A11E4C36E3001805F3 /* GameObject.h */,
				34B940A21E4C36E3001805F3 /* GameObject.m */,
			);
			path = Model;
			sourceTree = "<group>";
		};
		34B9409E1E4C3660001805F3 /* ViewController */ = {
			isa = PBXGroup;
			children = (
				34B940A41E4C36EC001805F3 /* DataBaseCell.h */,
				34B940A51E4C36EC001805F3 /* DataBaseCell.m */,
				34B940A61E4C36EC001805F3 /* DataBaseCell.xib */,
				34B940A71E4C36EC001805F3 /* GameParseViewCell.h */,
				34B940A81E4C36EC001805F3 /* GameParseViewCell.m */,
				34B940A91E4C36EC001805F3 /* GameParseViewCell.xib */,
				34B940AA1E4C36EC001805F3 /* GameParseViewController.h */,
				34B940AB1E4C36EC001805F3 /* GameParseViewController.m */,
			);
			path = ViewController;
			sourceTree = "<group>";
		};
		34D204951E25144C0044F2DC /* FMDB */ = {
			isa = PBXGroup;
			children = (
				34D204961E25144C0044F2DC /* FMDatabase.h */,
				34D204971E25144C0044F2DC /* FMDatabase.m */,
				34D204981E25144C0044F2DC /* FMDatabaseAdditions.h */,
				34D204991E25144C0044F2DC /* FMDatabaseAdditions.m */,
				34D2049A1E25144C0044F2DC /* FMDatabasePool.h */,
				34D2049B1E25144C0044F2DC /* FMDatabasePool.m */,
				34D2049C1E25144C0044F2DC /* FMDatabaseQueue.h */,
				34D2049D1E25144C0044F2DC /* FMDatabaseQueue.m */,
				34D2049E1E25144C0044F2DC /* FMResultSet.h */,
				34D2049F1E25144C0044F2DC /* FMResultSet.m */,
			);
			path = FMDB;
			sourceTree = "<group>";
		};
/* End PBXGroup section */

/* Begin PBXNativeTarget section */
		346331C51DE59A1700B951F8 /* wkwebviewDemo */ = {
			isa = PBXNativeTarget;
			buildConfigurationList = 346331DD1DE59A1700B951F8 /* Build configuration list for PBXNativeTarget "wkwebviewDemo" */;
			buildPhases = (
				346331C21DE59A1700B951F8 /* Sources */,
				346331C31DE59A1700B951F8 /* Frameworks */,
				346331C41DE59A1700B951F8 /* Resources */,
			);
			buildRules = (
			);
			dependencies = (
			);
			name = wkwebviewDemo;
			productName = wkwebviewDemo;
			productReference = 346331C61DE59A1700B951F8 /* wkwebviewDemo.app */;
			productType = "com.apple.product-type.application";
		};
/* End PBXNativeTarget section */

/* Begin PBXProject section */
		346331BE1DE59A1700B951F8 /* Project object */ = {
			isa = PBXProject;
			attributes = {
				LastUpgradeCheck = 0810;
				ORGANIZATIONNAME = JL;
				TargetAttributes = {
					346331C51DE59A1700B951F8 = {
						CreatedOnToolsVersion = 8.1;
						DevelopmentTeam = NVAFMDWZJC;
						ProvisioningStyle = Automatic;
					};
				};
			};
			buildConfigurationList = 346331C11DE59A1700B951F8 /* Build configuration list for PBXProject "wkwebviewDemo" */;
			compatibilityVersion = "Xcode 3.2";
			developmentRegion = English;
			hasScannedForEncodings = 0;
			knownRegions = (
				en,
				Base,
			);
			mainGroup = 346331BD1DE59A1700B951F8;
			productRefGroup = 346331C71DE59A1700B951F8 /* Products */;
			projectDirPath = "";
			projectRoot = "";
			targets = (
				346331C51DE59A1700B951F8 /* wkwebviewDemo */,
			);
		};
/* End PBXProject section */

/* Begin PBXResourcesBuildPhase section */
		346331C41DE59A1700B951F8 /* Resources */ = {
			isa = PBXResourcesBuildPhase;
			buildActionMask = 2147483647;
			files = (
				34B940AF1E4C36EC001805F3 /* GameParseViewCell.xib in Resources */,
				34B940AD1E4C36EC001805F3 /* DataBaseCell.xib in Resources */,
				346331D91DE59A1700B951F8 /* LaunchScreen.storyboard in Resources */,
				346331D61DE59A1700B951F8 /* Assets.xcassets in Resources */,
				346331F01DE6829600B951F8 /* Study.html in Resources */,
				346331D41DE59A1700B951F8 /* Main.storyboard in Resources */,
				34B940A01E4C36DA001805F3 /* Soccer.db in Resources */,
			);
			runOnlyForDeploymentPostprocessing = 0;
		};
/* End PBXResourcesBuildPhase section */

/* Begin PBXSourcesBuildPhase section */
		346331C21DE59A1700B951F8 /* Sources */ = {
			isa = PBXSourcesBuildPhase;
			buildActionMask = 2147483647;
			files = (
				34B940AC1E4C36EC001805F3 /* DataBaseCell.m in Sources */,
				34B940A31E4C36E3001805F3 /* GameObject.m in Sources */,
				340196401DFD1C7C00CD5850 /* wkNavigationController.m in Sources */,
				349A625D1E11219B0060D69E /* JLTableView.m in Sources */,
				34D204A21E25144C0044F2DC /* FMDatabasePool.m in Sources */,
				340196501DFDA0CA00CD5850 /* WebViewController.m in Sources */,
				34D204A31E25144C0044F2DC /* FMDatabaseQueue.m in Sources */,
				34D204A01E25144C0044F2DC /* FMDatabase.m in Sources */,
				34B940B01E4C36EC001805F3 /* GameParseViewController.m in Sources */,
				34D204A11E25144C0044F2DC /* FMDatabaseAdditions.m in Sources */,
				346331F31DE6867300B951F8 /* JSOCHandler.m in Sources */,
				34D204A41E25144C0044F2DC /* FMResultSet.m in Sources */,
				346331CE1DE59A1700B951F8 /* AppDelegate.m in Sources */,
				3401963F1DFD1C7C00CD5850 /* TabbarController.m in Sources */,
				340196391DFD1C3C00CD5850 /* XPathQuery.m in Sources */,
				34B940B31E4C3987001805F3 /* DBManager.m in Sources */,
				340196381DFD1C3C00CD5850 /* TFHppleElement.m in Sources */,
				340196371DFD1C3C00CD5850 /* TFHpple.m in Sources */,
				34B940AE1E4C36EC001805F3 /* GameParseViewCell.m in Sources */,
				348D53F01E275E720005E96A /* JLBothSidesBtn.m in Sources */,
				34F4DC501E0CD0E7000158BC /* statusBarViewController.m in Sources */,
				346331CB1DE59A1700B951F8 /* main.m in Sources */,
				348D53EA1E2756470005E96A /* UserViewController.m in Sources */,
				346331E51DE59AF400B951F8 /* HomeViewController.m in Sources */,
			);
			runOnlyForDeploymentPostprocessing = 0;
		};
/* End PBXSourcesBuildPhase section */

/* Begin PBXVariantGroup section */
		346331D21DE59A1700B951F8 /* Main.storyboard */ = {
			isa = PBXVariantGroup;
			children = (
				346331D31DE59A1700B951F8 /* Base */,
			);
			name = Main.storyboard;
			sourceTree = "<group>";
		};
		346331D71DE59A1700B951F8 /* LaunchScreen.storyboard */ = {
			isa = PBXVariantGroup;
			children = (
				346331D81DE59A1700B951F8 /* Base */,
			);
			name = LaunchScreen.storyboard;
			sourceTree = "<group>";
		};
/* End PBXVariantGroup section */

/* Begin XCBuildConfiguration section */
		346331DB1DE59A1700B951F8 /* Debug */ = {
			isa = XCBuildConfiguration;
			buildSettings = {
				ALWAYS_SEARCH_USER_PATHS = NO;
				CLANG_ANALYZER_NONNULL = YES;
				CLANG_CXX_LANGUAGE_STANDARD = "gnu++0x";
				CLANG_CXX_LIBRARY = "libc++";
				CLANG_ENABLE_MODULES = YES;
				CLANG_ENABLE_OBJC_ARC = YES;
				CLANG_WARN_BOOL_CONVERSION = YES;
				CLANG_WARN_CONSTANT_CONVERSION = YES;
				CLANG_WARN_DIRECT_OBJC_ISA_USAGE = YES_ERROR;
				CLANG_WARN_DOCUMENTATION_COMMENTS = YES;
				CLANG_WARN_EMPTY_BODY = YES;
				CLANG_WARN_ENUM_CONVERSION = YES;
				CLANG_WARN_INFINITE_RECURSION = YES;
				CLANG_WARN_INT_CONVERSION = YES;
				CLANG_WARN_OBJC_ROOT_CLASS = YES_ERROR;
				CLANG_WARN_SUSPICIOUS_MOVES = YES;
				CLANG_WARN_UNREACHABLE_CODE = YES;
				CLANG_WARN__DUPLICATE_METHOD_MATCH = YES;
				"CODE_SIGN_IDENTITY[sdk=iphoneos*]" = "iPhone Developer";
				COPY_PHASE_STRIP = NO;
				DEBUG_INFORMATION_FORMAT = dwarf;
				ENABLE_STRICT_OBJC_MSGSEND = YES;
				ENABLE_TESTABILITY = YES;
				GCC_C_LANGUAGE_STANDARD = gnu99;
				GCC_DYNAMIC_NO_PIC = NO;
				GCC_NO_COMMON_BLOCKS = YES;
				GCC_OPTIMIZATION_LEVEL = 0;
				GCC_PREPROCESSOR_DEFINITIONS = (
					"DEBUG=1",
					"$(inherited)",
				);
				GCC_WARN_64_TO_32_BIT_CONVERSION = YES;
				GCC_WARN_ABOUT_RETURN_TYPE = YES_ERROR;
				GCC_WARN_UNDECLARED_SELECTOR = YES;
				GCC_WARN_UNINITIALIZED_AUTOS = YES_AGGRESSIVE;
				GCC_WARN_UNUSED_FUNCTION = YES;
				GCC_WARN_UNUSED_VARIABLE = YES;
				IPHONEOS_DEPLOYMENT_TARGET = 10.1;
				MTL_ENABLE_DEBUG_INFO = YES;
				ONLY_ACTIVE_ARCH = YES;
				SDKROOT = iphoneos;
			};
			name = Debug;
		};
		346331DC1DE59A1700B951F8 /* Release */ = {
			isa = XCBuildConfiguration;
			buildSettings = {
				ALWAYS_SEARCH_USER_PATHS = NO;
				CLANG_ANALYZER_NONNULL = YES;
				CLANG_CXX_LANGUAGE_STANDARD = "gnu++0x";
				CLANG_CXX_LIBRARY = "libc++";
				CLANG_ENABLE_MODULES = YES;
				CLANG_ENABLE_OBJC_ARC = YES;
				CLANG_WARN_BOOL_CONVERSION = YES;
				CLANG_WARN_CONSTANT_CONVERSION = YES;
				CLANG_WARN_DIRECT_OBJC_ISA_USAGE = YES_ERROR;
				CLANG_WARN_DOCUMENTATION_COMMENTS = YES;
				CLANG_WARN_EMPTY_BODY = YES;
				CLANG_WARN_ENUM_CONVERSION = YES;
				CLANG_WARN_INFINITE_RECURSION = YES;
				CLANG_WARN_INT_CONVERSION = YES;
				CLANG_WARN_OBJC_ROOT_CLASS = YES_ERROR;
				CLANG_WARN_SUSPICIOUS_MOVES = YES;
				CLANG_WARN_UNREACHABLE_CODE = YES;
				CLANG_WARN__DUPLICATE_METHOD_MATCH = YES;
				"CODE_SIGN_IDENTITY[sdk=iphoneos*]" = "iPhone Developer";
				COPY_PHASE_STRIP = NO;
				DEBUG_INFORMATION_FORMAT = "dwarf-with-dsym";
				ENABLE_NS_ASSERTIONS = NO;
				ENABLE_STRICT_OBJC_MSGSEND = YES;
				GCC_C_LANGUAGE_STANDARD = gnu99;
				GCC_NO_COMMON_BLOCKS = YES;
				GCC_WARN_64_TO_32_BIT_CONVERSION = YES;
				GCC_WARN_ABOUT_RETURN_TYPE = YES_ERROR;
				GCC_WARN_UNDECLARED_SELECTOR = YES;
				GCC_WARN_UNINITIALIZED_AUTOS = YES_AGGRESSIVE;
				GCC_WARN_UNUSED_FUNCTION = YES;
				GCC_WARN_UNUSED_VARIABLE = YES;
				IPHONEOS_DEPLOYMENT_TARGET = 10.1;
				MTL_ENABLE_DEBUG_INFO = NO;
				SDKROOT = iphoneos;
				VALIDATE_PRODUCT = YES;
			};
			name = Release;
		};
		346331DE1DE59A1700B951F8 /* Debug */ = {
			isa = XCBuildConfiguration;
			buildSettings = {
				ASSETCATALOG_COMPILER_APPICON_NAME = AppIcon;
				DEVELOPMENT_TEAM = NVAFMDWZJC;
				HEADER_SEARCH_PATHS = "$(SDKROOT)/usr/include/libxml2";
				INFOPLIST_FILE = wkwebviewDemo/Info.plist;
				IPHONEOS_DEPLOYMENT_TARGET = 7.0;
				LD_RUNPATH_SEARCH_PATHS = "$(inherited) @executable_path/Frameworks";
				PRODUCT_BUNDLE_IDENTIFIER = com.JL.Web;
				PRODUCT_NAME = "$(TARGET_NAME)";
			};
			name = Debug;
		};
		346331DF1DE59A1700B951F8 /* Release */ = {
			isa = XCBuildConfiguration;
			buildSettings = {
				ASSETCATALOG_COMPILER_APPICON_NAME = AppIcon;
				DEVELOPMENT_TEAM = NVAFMDWZJC;
				HEADER_SEARCH_PATHS = "$(SDKROOT)/usr/include/libxml2";
				INFOPLIST_FILE = wkwebviewDemo/Info.plist;
				IPHONEOS_DEPLOYMENT_TARGET = 7.0;
				LD_RUNPATH_SEARCH_PATHS = "$(inherited) @executable_path/Frameworks";
				PRODUCT_BUNDLE_IDENTIFIER = com.JL.Web;
				PRODUCT_NAME = "$(TARGET_NAME)";
			};
			name = Release;
		};
/* End XCBuildConfiguration section */

/* Begin XCConfigurationList section */
		346331C11DE59A1700B951F8 /* Build configuration list for PBXProject "wkwebviewDemo" */ = {
			isa = XCConfigurationList;
			buildConfigurations = (
				346331DB1DE59A1700B951F8 /* Debug */,
				346331DC1DE59A1700B951F8 /* Release */,
			);
			defaultConfigurationIsVisible = 0;
			defaultConfigurationName = Release;
		};
		346331DD1DE59A1700B951F8 /* Build configuration list for PBXNativeTarget "wkwebviewDemo" */ = {
			isa = XCConfigurationList;
			buildConfigurations = (
				346331DE1DE59A1700B951F8 /* Debug */,
				346331DF1DE59A1700B951F8 /* Release */,
			);
			defaultConfigurationIsVisible = 0;
			defaultConfigurationName = Release;
		};
/* End XCConfigurationList section */
	};
	rootObject = 346331BE1DE59A1700B951F8 /* Project object */;
}
